// !$*UTF8*$!
{
	archiveVersion = 1;
	classes = {
	};
	objectVersion = 46;
	objects = {

/* Begin PBXBuildFile section */
		DE2FF7B21B6689E1001898B4 /* AppDelegate.m in Sources */ = {isa = PBXBuildFile; fileRef = DE2FF7B11B6689E1001898B4 /* AppDelegate.m */; };
		DE2FF7B41B6689E1001898B4 /* main.m in Sources */ = {isa = PBXBuildFile; fileRef = DE2FF7B31B6689E1001898B4 /* main.m */; };
		DE2FF7B61B6689E1001898B4 /* Images.xcassets in Resources */ = {isa = PBXBuildFile; fileRef = DE2FF7B51B6689E1001898B4 /* Images.xcassets */; };
		DE2FF7C51B6689E1001898B4 /* PeteTests.m in Sources */ = {isa = PBXBuildFile; fileRef = DE2FF7C41B6689E1001898B4 /* PeteTests.m */; };
		DE2FF7D01B668C35001898B4 /* HotKeyManager.m in Sources */ = {isa = PBXBuildFile; fileRef = DE2FF7CF1B668C35001898B4 /* HotKeyManager.m */; };
		DE2FF7D31B668C42001898B4 /* KeyCodeConverter.m in Sources */ = {isa = PBXBuildFile; fileRef = DE2FF7D21B668C42001898B4 /* KeyCodeConverter.m */; };
		DE2FF7D51B668CB9001898B4 /* Carbon.framework in Frameworks */ = {isa = PBXBuildFile; fileRef = DE2FF7D41B668CB9001898B4 /* Carbon.framework */; };
		DE2FF7EC1B6714EB001898B4 /* TextWindow.m in Sources */ = {isa = PBXBuildFile; fileRef = DE2FF7EB1B6714EB001898B4 /* TextWindow.m */; };
		DE2FF7F21B672E6F001898B4 /* TextWindowView.m in Sources */ = {isa = PBXBuildFile; fileRef = DE2FF7F11B672E6F001898B4 /* TextWindowView.m */; };
		DE2FF7F61B673985001898B4 /* TextWindowController.m in Sources */ = {isa = PBXBuildFile; fileRef = DE2FF7F41B673985001898B4 /* TextWindowController.m */; };
		DE2FF7F71B673985001898B4 /* TextWindowController.xib in Resources */ = {isa = PBXBuildFile; fileRef = DE2FF7F51B673985001898B4 /* TextWindowController.xib */; };
		DE2FF7FA1B674467001898B4 /* HotKeyTextField.m in Sources */ = {isa = PBXBuildFile; fileRef = DE2FF7F91B674467001898B4 /* HotKeyTextField.m */; };
		DE2FF8001B675170001898B4 /* MainWindow.m in Sources */ = {isa = PBXBuildFile; fileRef = DE2FF7FF1B675170001898B4 /* MainWindow.m */; };
		DE2FF8021B67F2F3001898B4 /* MainMenu.xib in Resources */ = {isa = PBXBuildFile; fileRef = DE2FF8011B67F2F3001898B4 /* MainMenu.xib */; };
/* End PBXBuildFile section */

/* Begin PBXContainerItemProxy section */
		DE2FF7BF1B6689E1001898B4 /* PBXContainerItemProxy */ = {
			isa = PBXContainerItemProxy;
			containerPortal = DE2FF7A31B6689E1001898B4 /* Project object */;
			proxyType = 1;
			remoteGlobalIDString = DE2FF7AA1B6689E1001898B4;
			remoteInfo = Pete;
		};
/* End PBXContainerItemProxy section */

/* Begin PBXFileReference section */
		DE2FF7AB1B6689E1001898B4 /* Pete.app */ = {isa = PBXFileReference; explicitFileType = wrapper.application; includeInIndex = 0; path = Pete.app; sourceTree = BUILT_PRODUCTS_DIR; };
		DE2FF7AF1B6689E1001898B4 /* Info.plist */ = {isa = PBXFileReference; lastKnownFileType = text.plist.xml; path = Info.plist; sourceTree = "<group>"; };
		DE2FF7B01B6689E1001898B4 /* AppDelegate.h */ = {isa = PBXFileReference; lastKnownFileType = sourcecode.c.h; path = AppDelegate.h; sourceTree = "<group>"; };
		DE2FF7B11B6689E1001898B4 /* AppDelegate.m */ = {isa = PBXFileReference; lastKnownFileType = sourcecode.c.objc; path = AppDelegate.m; sourceTree = "<group>"; };
		DE2FF7B31B6689E1001898B4 /* main.m */ = {isa = PBXFileReference; lastKnownFileType = sourcecode.c.objc; path = main.m; sourceTree = "<group>"; };
		DE2FF7B51B6689E1001898B4 /* Images.xcassets */ = {isa = PBXFileReference; lastKnownFileType = folder.assetcatalog; path = Images.xcassets; sourceTree = "<group>"; };
		DE2FF7BE1B6689E1001898B4 /* PeteTests.xctest */ = {isa = PBXFileReference; explicitFileType = wrapper.cfbundle; includeInIndex = 0; path = PeteTests.xctest; sourceTree = BUILT_PRODUCTS_DIR; };
		DE2FF7C31B6689E1001898B4 /* Info.plist */ = {isa = PBXFileReference; lastKnownFileType = text.plist.xml; path = Info.plist; sourceTree = "<group>"; };
		DE2FF7C41B6689E1001898B4 /* PeteTests.m */ = {isa = PBXFileReference; lastKnownFileType = sourcecode.c.objc; path = PeteTests.m; sourceTree = "<group>"; };
		DE2FF7CE1B668C35001898B4 /* HotKeyManager.h */ = {isa = PBXFileReference; fileEncoding = 4; lastKnownFileType = sourcecode.c.h; path = HotKeyManager.h; sourceTree = "<group>"; };
		DE2FF7CF1B668C35001898B4 /* HotKeyManager.m */ = {isa = PBXFileReference; fileEncoding = 4; lastKnownFileType = sourcecode.c.objc; path = HotKeyManager.m; sourceTree = "<group>"; };
		DE2FF7D11B668C42001898B4 /* KeyCodeConverter.h */ = {isa = PBXFileReference; fileEncoding = 4; lastKnownFileType = sourcecode.c.h; path = KeyCodeConverter.h; sourceTree = "<group>"; };
		DE2FF7D21B668C42001898B4 /* KeyCodeConverter.m */ = {isa = PBXFileReference; fileEncoding = 4; lastKnownFileType = sourcecode.c.objc; path = KeyCodeConverter.m; sourceTree = "<group>"; };
		DE2FF7D41B668CB9001898B4 /* Carbon.framework */ = {isa = PBXFileReference; lastKnownFileType = wrapper.framework; name = Carbon.framework; path = System/Library/Frameworks/Carbon.framework; sourceTree = SDKROOT; };
		DE2FF7EA1B6714EB001898B4 /* TextWindow.h */ = {isa = PBXFileReference; fileEncoding = 4; lastKnownFileType = sourcecode.c.h; path = TextWindow.h; sourceTree = "<group>"; };
		DE2FF7EB1B6714EB001898B4 /* TextWindow.m */ = {isa = PBXFileReference; fileEncoding = 4; lastKnownFileType = sourcecode.c.objc; path = TextWindow.m; sourceTree = "<group>"; };
		DE2FF7F01B672E6F001898B4 /* TextWindowView.h */ = {isa = PBXFileReference; fileEncoding = 4; lastKnownFileType = sourcecode.c.h; path = TextWindowView.h; sourceTree = "<group>"; };
		DE2FF7F11B672E6F001898B4 /* TextWindowView.m */ = {isa = PBXFileReference; fileEncoding = 4; lastKnownFileType = sourcecode.c.objc; path = TextWindowView.m; sourceTree = "<group>"; };
		DE2FF7F31B673985001898B4 /* TextWindowController.h */ = {isa = PBXFileReference; fileEncoding = 4; lastKnownFileType = sourcecode.c.h; path = TextWindowController.h; sourceTree = "<group>"; };
		DE2FF7F41B673985001898B4 /* TextWindowController.m */ = {isa = PBXFileReference; fileEncoding = 4; lastKnownFileType = sourcecode.c.objc; path = TextWindowController.m; sourceTree = "<group>"; };
		DE2FF7F51B673985001898B4 /* TextWindowController.xib */ = {isa = PBXFileReference; fileEncoding = 4; lastKnownFileType = file.xib; path = TextWindowController.xib; sourceTree = "<group>"; };
		DE2FF7F81B674467001898B4 /* HotKeyTextField.h */ = {isa = PBXFileReference; fileEncoding = 4; lastKnownFileType = sourcecode.c.h; path = HotKeyTextField.h; sourceTree = "<group>"; };
		DE2FF7F91B674467001898B4 /* HotKeyTextField.m */ = {isa = PBXFileReference; fileEncoding = 4; lastKnownFileType = sourcecode.c.objc; path = HotKeyTextField.m; sourceTree = "<group>"; };
		DE2FF7FE1B675170001898B4 /* MainWindow.h */ = {isa = PBXFileReference; fileEncoding = 4; lastKnownFileType = sourcecode.c.h; path = MainWindow.h; sourceTree = "<group>"; };
		DE2FF7FF1B675170001898B4 /* MainWindow.m */ = {isa = PBXFileReference; fileEncoding = 4; lastKnownFileType = sourcecode.c.objc; path = MainWindow.m; sourceTree = "<group>"; };
		DE2FF8011B67F2F3001898B4 /* MainMenu.xib */ = {isa = PBXFileReference; fileEncoding = 4; lastKnownFileType = file.xib; path = MainMenu.xib; sourceTree = "<group>"; };
/* End PBXFileReference section */

/* Begin PBXFrameworksBuildPhase section */
		DE2FF7A81B6689E1001898B4 /* Frameworks */ = {
			isa = PBXFrameworksBuildPhase;
			buildActionMask = 2147483647;
			files = (
				DE2FF7D51B668CB9001898B4 /* Carbon.framework in Frameworks */,
			);
			runOnlyForDeploymentPostprocessing = 0;
		};
		DE2FF7BB1B6689E1001898B4 /* Frameworks */ = {
			isa = PBXFrameworksBuildPhase;
			buildActionMask = 2147483647;
			files = (
			);
			runOnlyForDeploymentPostprocessing = 0;
		};
/* End PBXFrameworksBuildPhase section */

/* Begin PBXGroup section */
		DE2FF7A21B6689E1001898B4 = {
			isa = PBXGroup;
			children = (
				DE2FF7D41B668CB9001898B4 /* Carbon.framework */,
				DE2FF7AD1B6689E1001898B4 /* Pete */,
				DE2FF7C11B6689E1001898B4 /* PeteTests */,
				DE2FF7AC1B6689E1001898B4 /* Products */,
			);
			sourceTree = "<group>";
		};
		DE2FF7AC1B6689E1001898B4 /* Products */ = {
			isa = PBXGroup;
			children = (
				DE2FF7AB1B6689E1001898B4 /* Pete.app */,
				DE2FF7BE1B6689E1001898B4 /* PeteTests.xctest */,
			);
			name = Products;
			sourceTree = "<group>";
		};
		DE2FF7AD1B6689E1001898B4 /* Pete */ = {
			isa = PBXGroup;
			children = (
				DE2FF8011B67F2F3001898B4 /* MainMenu.xib */,
				DE2FF7B01B6689E1001898B4 /* AppDelegate.h */,
				DE2FF7B11B6689E1001898B4 /* AppDelegate.m */,
				DE2FF7CE1B668C35001898B4 /* HotKeyManager.h */,
				DE2FF7CF1B668C35001898B4 /* HotKeyManager.m */,
				DE2FF7D11B668C42001898B4 /* KeyCodeConverter.h */,
				DE2FF7D21B668C42001898B4 /* KeyCodeConverter.m */,
				DE2FF7B51B6689E1001898B4 /* Images.xcassets */,
				DE2FF7FE1B675170001898B4 /* MainWindow.h */,
				DE2FF7FF1B675170001898B4 /* MainWindow.m */,
				DE2FF7AE1B6689E1001898B4 /* Supporting Files */,
				DE2FF7EA1B6714EB001898B4 /* TextWindow.h */,
				DE2FF7EB1B6714EB001898B4 /* TextWindow.m */,
				DE2FF7F01B672E6F001898B4 /* TextWindowView.h */,
				DE2FF7F11B672E6F001898B4 /* TextWindowView.m */,
				DE2FF7F31B673985001898B4 /* TextWindowController.h */,
				DE2FF7F41B673985001898B4 /* TextWindowController.m */,
				DE2FF7F51B673985001898B4 /* TextWindowController.xib */,
				DE2FF7F81B674467001898B4 /* HotKeyTextField.h */,
				DE2FF7F91B674467001898B4 /* HotKeyTextField.m */,
			);
			path = Pete;
			sourceTree = "<group>";
		};
		DE2FF7AE1B6689E1001898B4 /* Supporting Files */ = {
			isa = PBXGroup;
			children = (
				DE2FF7AF1B6689E1001898B4 /* Info.plist */,
				DE2FF7B31B6689E1001898B4 /* main.m */,
			);
			name = "Supporting Files";
			sourceTree = "<group>";
		};
		DE2FF7C11B6689E1001898B4 /* PeteTests */ = {
			isa = PBXGroup;
			children = (
				DE2FF7C41B6689E1001898B4 /* PeteTests.m */,
				DE2FF7C21B6689E1001898B4 /* Supporting Files */,
			);
			path = PeteTests;
			sourceTree = "<group>";
		};
		DE2FF7C21B6689E1001898B4 /* Supporting Files */ = {
			isa = PBXGroup;
			children = (
				DE2FF7C31B6689E1001898B4 /* Info.plist */,
			);
			name = "Supporting Files";
			sourceTree = "<group>";
		};
/* End PBXGroup section */

/* Begin PBXNativeTarget section */
		DE2FF7AA1B6689E1001898B4 /* Pete */ = {
			isa = PBXNativeTarget;
			buildConfigurationList = DE2FF7C81B6689E1001898B4 /* Build configuration list for PBXNativeTarget "Pete" */;
			buildPhases = (
				DE2FF7A71B6689E1001898B4 /* Sources */,
				DE2FF7A81B6689E1001898B4 /* Frameworks */,
				DE2FF7A91B6689E1001898B4 /* Resources */,
			);
			buildRules = (
			);
			dependencies = (
			);
			name = Pete;
			productName = Pete;
			productReference = DE2FF7AB1B6689E1001898B4 /* Pete.app */;
			productType = "com.apple.product-type.application";
		};
		DE2FF7BD1B6689E1001898B4 /* PeteTests */ = {
			isa = PBXNativeTarget;
			buildConfigurationList = DE2FF7CB1B6689E1001898B4 /* Build configuration list for PBXNativeTarget "PeteTests" */;
			buildPhases = (
				DE2FF7BA1B6689E1001898B4 /* Sources */,
				DE2FF7BB1B6689E1001898B4 /* Frameworks */,
				DE2FF7BC1B6689E1001898B4 /* Resources */,
			);
			buildRules = (
			);
			dependencies = (
				DE2FF7C01B6689E1001898B4 /* PBXTargetDependency */,
			);
			name = PeteTests;
			productName = PeteTests;
			productReference = DE2FF7BE1B6689E1001898B4 /* PeteTests.xctest */;
			productType = "com.apple.product-type.bundle.unit-test";
		};
/* End PBXNativeTarget section */

/* Begin PBXProject section */
		DE2FF7A31B6689E1001898B4 /* Project object */ = {
			isa = PBXProject;
			attributes = {
				LastUpgradeCheck = 0640;
				ORGANIZATIONNAME = "Haruki Okada";
				TargetAttributes = {
					DE2FF7AA1B6689E1001898B4 = {
						CreatedOnToolsVersion = 6.4;
					};
					DE2FF7BD1B6689E1001898B4 = {
						CreatedOnToolsVersion = 6.4;
						TestTargetID = DE2FF7AA1B6689E1001898B4;
					};
				};
			};
			buildConfigurationList = DE2FF7A61B6689E1001898B4 /* Build configuration list for PBXProject "Pete" */;
			compatibilityVersion = "Xcode 3.2";
			developmentRegion = English;
			hasScannedForEncodings = 0;
			knownRegions = (
				en,
			);
			mainGroup = DE2FF7A21B6689E1001898B4;
			productRefGroup = DE2FF7AC1B6689E1001898B4 /* Products */;
			projectDirPath = "";
			projectRoot = "";
			targets = (
				DE2FF7AA1B6689E1001898B4 /* Pete */,
				DE2FF7BD1B6689E1001898B4 /* PeteTests */,
			);
		};
/* End PBXProject section */

/* Begin PBXResourcesBuildPhase section */
		DE2FF7A91B6689E1001898B4 /* Resources */ = {
			isa = PBXResourcesBuildPhase;
			buildActionMask = 2147483647;
			files = (
				DE2FF7F71B673985001898B4 /* TextWindowController.xib in Resources */,
				DE2FF7B61B6689E1001898B4 /* Images.xcassets in Resources */,
				DE2FF8021B67F2F3001898B4 /* MainMenu.xib in Resources */,
			);
			runOnlyForDeploymentPostprocessing = 0;
		};
		DE2FF7BC1B6689E1001898B4 /* Resources */ = {
			isa = PBXResourcesBuildPhase;
			buildActionMask = 2147483647;
			files = (
			);
			runOnlyForDeploymentPostprocessing = 0;
		};
/* End PBXResourcesBuildPhase section */

/* Begin PBXSourcesBuildPhase section */
		DE2FF7A71B6689E1001898B4 /* Sources */ = {
			isa = PBXSourcesBuildPhase;
			buildActionMask = 2147483647;
			files = (
				DE2FF7F61B673985001898B4 /* TextWindowController.m in Sources */,
				DE2FF7FA1B674467001898B4 /* HotKeyTextField.m in Sources */,
				DE2FF8001B675170001898B4 /* MainWindow.m in Sources */,
				DE2FF7F21B672E6F001898B4 /* TextWindowView.m in Sources */,
				DE2FF7EC1B6714EB001898B4 /* TextWindow.m in Sources */,
				DE2FF7B41B6689E1001898B4 /* main.m in Sources */,
				DE2FF7D31B668C42001898B4 /* KeyCodeConverter.m in Sources */,
				DE2FF7D01B668C35001898B4 /* HotKeyManager.m in Sources */,
				DE2FF7B21B6689E1001898B4 /* AppDelegate.m in Sources */,
			);
			runOnlyForDeploymentPostprocessing = 0;
		};
		DE2FF7BA1B6689E1001898B4 /* Sources */ = {
			isa = PBXSourcesBuildPhase;
			buildActionMask = 2147483647;
			files = (
				DE2FF7C51B6689E1001898B4 /* PeteTests.m in Sources */,
			);
			runOnlyForDeploymentPostprocessing = 0;
		};
/* End PBXSourcesBuildPhase section */

/* Begin PBXTargetDependency section */
		DE2FF7C01B6689E1001898B4 /* PBXTargetDependency */ = {
			isa = PBXTargetDependency;
			target = DE2FF7AA1B6689E1001898B4 /* Pete */;
			targetProxy = DE2FF7BF1B6689E1001898B4 /* PBXContainerItemProxy */;
		};
/* End PBXTargetDependency section */

/* Begin XCBuildConfiguration section */
		DE2FF7C61B6689E1001898B4 /* Debug */ = {
			isa = XCBuildConfiguration;
			buildSettings = {
				ALWAYS_SEARCH_USER_PATHS = NO;
				CLANG_CXX_LANGUAGE_STANDARD = "gnu++0x";
				CLANG_CXX_LIBRARY = "libc++";
				CLANG_ENABLE_MODULES = YES;
				CLANG_ENABLE_OBJC_ARC = YES;
				CLANG_WARN_BOOL_CONVERSION = YES;
				CLANG_WARN_CONSTANT_CONVERSION = YES;
				CLANG_WARN_DIRECT_OBJC_ISA_USAGE = YES_ERROR;
				CLANG_WARN_EMPTY_BODY = YES;
				CLANG_WARN_ENUM_CONVERSION = YES;
				CLANG_WARN_INT_CONVERSION = YES;
				CLANG_WARN_OBJC_ROOT_CLASS = YES_ERROR;
				CLANG_WARN_UNREACHABLE_CODE = YES;
				CLANG_WARN__DUPLICATE_METHOD_MATCH = YES;
				CODE_SIGN_IDENTITY = "-";
				COPY_PHASE_STRIP = NO;
				DEBUG_INFORMATION_FORMAT = dwarf;
				ENABLE_STRICT_OBJC_MSGSEND = YES;
				GCC_C_LANGUAGE_STANDARD = gnu99;
				GCC_DYNAMIC_NO_PIC = NO;
				GCC_NO_COMMON_BLOCKS = YES;
				GCC_OPTIMIZATION_LEVEL = 0;
				GCC_PREPROCESSOR_DEFINITIONS = (
					"DEBUG=1",
					"$(inherited)",
				);
				GCC_SYMBOLS_PRIVATE_EXTERN = NO;
				GCC_WARN_64_TO_32_BIT_CONVERSION = YES;
				GCC_WARN_ABOUT_RETURN_TYPE = YES_ERROR;
				GCC_WARN_UNDECLARED_SELECTOR = YES;
				GCC_WARN_UNINITIALIZED_AUTOS = YES_AGGRESSIVE;
				GCC_WARN_UNUSED_FUNCTION = YES;
				GCC_WARN_UNUSED_VARIABLE = YES;
				MACOSX_DEPLOYMENT_TARGET = 10.7;
				MTL_ENABLE_DEBUG_INFO = YES;
				ONLY_ACTIVE_ARCH = YES;
				SDKROOT = macosx;
			};
			name = Debug;
		};
		DE2FF7C71B6689E1001898B4 /* Release */ = {
			isa = XCBuildConfiguration;
			buildSettings = {
				ALWAYS_SEARCH_USER_PATHS = NO;
				CLANG_CXX_LANGUAGE_STANDARD = "gnu++0x";
				CLANG_CXX_LIBRARY = "libc++";
				CLANG_ENABLE_MODULES = YES;
				CLANG_ENABLE_OBJC_ARC = YES;
				CLANG_WARN_BOOL_CONVERSION = YES;
				CLANG_WARN_CONSTANT_CONVERSION = YES;
				CLANG_WARN_DIRECT_OBJC_ISA_USAGE = YES_ERROR;
				CLANG_WARN_EMPTY_BODY = YES;
				CLANG_WARN_ENUM_CONVERSION = YES;
				CLANG_WARN_INT_CONVERSION = YES;
				CLANG_WARN_OBJC_ROOT_CLASS = YES_ERROR;
				CLANG_WARN_UNREACHABLE_CODE = YES;
				CLANG_WARN__DUPLICATE_METHOD_MATCH = YES;
				CODE_SIGN_IDENTITY = "-";
				COPY_PHASE_STRIP = NO;
				DEBUG_INFORMATION_FORMAT = "dwarf-with-dsym";
				ENABLE_NS_ASSERTIONS = NO;
				ENABLE_STRICT_OBJC_MSGSEND = YES;
				GCC_C_LANGUAGE_STANDARD = gnu99;
				GCC_NO_COMMON_BLOCKS = YES;
				GCC_WARN_64_TO_32_BIT_CONVERSION = YES;
				GCC_WARN_ABOUT_RETURN_TYPE = YES_ERROR;
				GCC_WARN_UNDECLARED_SELECTOR = YES;
				GCC_WARN_UNINITIALIZED_AUTOS = YES_AGGRESSIVE;
				GCC_WARN_UNUSED_FUNCTION = YES;
				GCC_WARN_UNUSED_VARIABLE = YES;
				MACOSX_DEPLOYMENT_TARGET = 10.7;
				MTL_ENABLE_DEBUG_INFO = NO;
				SDKROOT = macosx;
			};
			name = Release;
		};
		DE2FF7C91B6689E1001898B4 /* Debug */ = {
			isa = XCBuildConfiguration;
			buildSettings = {
				ASSETCATALOG_COMPILER_APPICON_NAME = AppIcon;
				COMBINE_HIDPI_IMAGES = YES;
				INFOPLIST_FILE = Pete/Info.plist;
				LD_RUNPATH_SEARCH_PATHS = "$(inherited) @executable_path/../Frameworks";
				MACOSX_DEPLOYMENT_TARGET = 10.7;
				PRODUCT_NAME = "$(TARGET_NAME)";
			};
			name = Debug;
		};
		DE2FF7CA1B6689E1001898B4 /* Release */ = {
			isa = XCBuildConfiguration;
			buildSettings = {
				ASSETCATALOG_COMPILER_APPICON_NAME = AppIcon;
				COMBINE_HIDPI_IMAGES = YES;
				INFOPLIST_FILE = Pete/Info.plist;
				LD_RUNPATH_SEARCH_PATHS = "$(inherited) @executable_path/../Frameworks";
				MACOSX_DEPLOYMENT_TARGET = 10.7;
				PRODUCT_NAME = "$(TARGET_NAME)";
			};
			name = Release;
		};
		DE2FF7CC1B6689E1001898B4 /* Debug */ = {
			isa = XCBuildConfiguration;
			buildSettings = {
				BUNDLE_LOADER = "$(TEST_HOST)";
				COMBINE_HIDPI_IMAGES = YES;
				FRAMEWORK_SEARCH_PATHS = (
					"$(DEVELOPER_FRAMEWORKS_DIR)",
					"$(inherited)",
				);
				GCC_PREPROCESSOR_DEFINITIONS = (
					"DEBUG=1",
					"$(inherited)",
				);
				INFOPLIST_FILE = PeteTests/Info.plist;
				LD_RUNPATH_SEARCH_PATHS = "$(inherited) @executable_path/../Frameworks @loader_path/../Frameworks";
				PRODUCT_NAME = "$(TARGET_NAME)";
				TEST_HOST = "$(BUILT_PRODUCTS_DIR)/Pete.app/Contents/MacOS/Pete";
			};
			name = Debug;
		};
		DE2FF7CD1B6689E1001898B4 /* Release */ = {
			isa = XCBuildConfiguration;
			buildSettings = {
				BUNDLE_LOADER = "$(TEST_HOST)";
				COMBINE_HIDPI_IMAGES = YES;
				FRAMEWORK_SEARCH_PATHS = (
					"$(DEVELOPER_FRAMEWORKS_DIR)",
					"$(inherited)",
				);
				INFOPLIST_FILE = PeteTests/Info.plist;
				LD_RUNPATH_SEARCH_PATHS = "$(inherited) @executable_path/../Frameworks @loader_path/../Frameworks";
				PRODUCT_NAME = "$(TARGET_NAME)";
				TEST_HOST = "$(BUILT_PRODUCTS_DIR)/Pete.app/Contents/MacOS/Pete";
			};
			name = Release;
		};
/* End XCBuildConfiguration section */

/* Begin XCConfigurationList section */
		DE2FF7A61B6689E1001898B4 /* Build configuration list for PBXProject "Pete" */ = {
			isa = XCConfigurationList;
			buildConfigurations = (
				DE2FF7C61B6689E1001898B4 /* Debug */,
				DE2FF7C71B6689E1001898B4 /* Release */,
			);
			defaultConfigurationIsVisible = 0;
			defaultConfigurationName = Release;
		};
		DE2FF7C81B6689E1001898B4 /* Build configuration list for PBXNativeTarget "Pete" */ = {
			isa = XCConfigurationList;
			buildConfigurations = (
				DE2FF7C91B6689E1001898B4 /* Debug */,
				DE2FF7CA1B6689E1001898B4 /* Release */,
			);
			defaultConfigurationIsVisible = 0;
			defaultConfigurationName = Release;
		};
		DE2FF7CB1B6689E1001898B4 /* Build configuration list for PBXNativeTarget "PeteTests" */ = {
			isa = XCConfigurationList;
			buildConfigurations = (
				DE2FF7CC1B6689E1001898B4 /* Debug */,
				DE2FF7CD1B6689E1001898B4 /* Release */,
			);
			defaultConfigurationIsVisible = 0;
			defaultConfigurationName = Release;
		};
/* End XCConfigurationList section */
	};
	rootObject = DE2FF7A31B6689E1001898B4 /* Project object */;
}
